// !$*UTF8*$!
{
	archiveVersion = 1;
	classes = {
	};
	objectVersion = 46;
	objects = {

/* Begin PBXBuildFile section */
		C762D0C8E770A2267FFB094C /* Pods_Pokedex.framework in Frameworks */ = {isa = PBXBuildFile; fileRef = 218914F6132F17DEC64CF2D5 /* Pods_Pokedex.framework */; };
		EE0434391EE0A23700087D0B /* music.mp3 in Resources */ = {isa = PBXBuildFile; fileRef = EE0434381EE0A23700087D0B /* music.mp3 */; };
		EECED8481EDF72DF00F5C5D2 /* AppDelegate.swift in Sources */ = {isa = PBXBuildFile; fileRef = EECED8471EDF72DF00F5C5D2 /* AppDelegate.swift */; };
		EECED84A1EDF72DF00F5C5D2 /* ViewController.swift in Sources */ = {isa = PBXBuildFile; fileRef = EECED8491EDF72DF00F5C5D2 /* ViewController.swift */; };
		EECED84D1EDF72DF00F5C5D2 /* Main.storyboard in Resources */ = {isa = PBXBuildFile; fileRef = EECED84B1EDF72DF00F5C5D2 /* Main.storyboard */; };
		EECED84F1EDF72DF00F5C5D2 /* Assets.xcassets in Resources */ = {isa = PBXBuildFile; fileRef = EECED84E1EDF72DF00F5C5D2 /* Assets.xcassets */; };
		EECED8521EDF72DF00F5C5D2 /* LaunchScreen.storyboard in Resources */ = {isa = PBXBuildFile; fileRef = EECED8501EDF72DF00F5C5D2 /* LaunchScreen.storyboard */; };
		EECED85A1EDF96C400F5C5D2 /* pokemon.csv in Resources */ = {isa = PBXBuildFile; fileRef = EECED8591EDF96C400F5C5D2 /* pokemon.csv */; };
		EECED85D1EE08C4C00F5C5D2 /* Pokemon.swift in Sources */ = {isa = PBXBuildFile; fileRef = EECED85C1EE08C4C00F5C5D2 /* Pokemon.swift */; };
		EECED8601EE091A500F5C5D2 /* PokeCell.swift in Sources */ = {isa = PBXBuildFile; fileRef = EECED85F1EE091A500F5C5D2 /* PokeCell.swift */; };
		EECED8621EE099F700F5C5D2 /* csv.swift in Sources */ = {isa = PBXBuildFile; fileRef = EECED8611EE099F700F5C5D2 /* csv.swift */; };
		EECED86D1EE0A07800F5C5D2 /* Pokemon Solid.ttf in Resources */ = {isa = PBXBuildFile; fileRef = EECED86C1EE0A07800F5C5D2 /* Pokemon Solid.ttf */; };
		EECED86F1EE0A14F00F5C5D2 /* music.png in Resources */ = {isa = PBXBuildFile; fileRef = EECED86E1EE0A14F00F5C5D2 /* music.png */; };
/* End PBXBuildFile section */

/* Begin PBXFileReference section */
		218914F6132F17DEC64CF2D5 /* Pods_Pokedex.framework */ = {isa = PBXFileReference; explicitFileType = wrapper.framework; includeInIndex = 0; path = Pods_Pokedex.framework; sourceTree = BUILT_PRODUCTS_DIR; };
		65881583F1EA4EE09FEE3408 /* Pods-Pokedex.release.xcconfig */ = {isa = PBXFileReference; includeInIndex = 1; lastKnownFileType = text.xcconfig; name = "Pods-Pokedex.release.xcconfig"; path = "Pods/Target Support Files/Pods-Pokedex/Pods-Pokedex.release.xcconfig"; sourceTree = "<group>"; };
		E087F378386EAE00E3E8A9F9 /* Pods-Pokedex.debug.xcconfig */ = {isa = PBXFileReference; includeInIndex = 1; lastKnownFileType = text.xcconfig; name = "Pods-Pokedex.debug.xcconfig"; path = "Pods/Target Support Files/Pods-Pokedex/Pods-Pokedex.debug.xcconfig"; sourceTree = "<group>"; };
		EE0434381EE0A23700087D0B /* music.mp3 */ = {isa = PBXFileReference; lastKnownFileType = audio.mp3; path = music.mp3; sourceTree = "<group>"; };
		EECED8441EDF72DF00F5C5D2 /* Pokedex.app */ = {isa = PBXFileReference; explicitFileType = wrapper.application; includeInIndex = 0; path = Pokedex.app; sourceTree = BUILT_PRODUCTS_DIR; };
		EECED8471EDF72DF00F5C5D2 /* AppDelegate.swift */ = {isa = PBXFileReference; lastKnownFileType = sourcecode.swift; path = AppDelegate.swift; sourceTree = "<group>"; };
		EECED8491EDF72DF00F5C5D2 /* ViewController.swift */ = {isa = PBXFileReference; lastKnownFileType = sourcecode.swift; path = ViewController.swift; sourceTree = "<group>"; };
		EECED84C1EDF72DF00F5C5D2 /* Base */ = {isa = PBXFileReference; lastKnownFileType = file.storyboard; name = Base; path = Base.lproj/Main.storyboard; sourceTree = "<group>"; };
		EECED84E1EDF72DF00F5C5D2 /* Assets.xcassets */ = {isa = PBXFileReference; lastKnownFileType = folder.assetcatalog; path = Assets.xcassets; sourceTree = "<group>"; };
		EECED8511EDF72DF00F5C5D2 /* Base */ = {isa = PBXFileReference; lastKnownFileType = file.storyboard; name = Base; path = Base.lproj/LaunchScreen.storyboard; sourceTree = "<group>"; };
		EECED8531EDF72DF00F5C5D2 /* Info.plist */ = {isa = PBXFileReference; lastKnownFileType = text.plist.xml; path = Info.plist; sourceTree = "<group>"; };
		EECED8591EDF96C400F5C5D2 /* pokemon.csv */ = {isa = PBXFileReference; fileEncoding = 4; lastKnownFileType = text; path = pokemon.csv; sourceTree = "<group>"; };
		EECED85C1EE08C4C00F5C5D2 /* Pokemon.swift */ = {isa = PBXFileReference; fileEncoding = 4; lastKnownFileType = sourcecode.swift; path = Pokemon.swift; sourceTree = "<group>"; };
		EECED85F1EE091A500F5C5D2 /* PokeCell.swift */ = {isa = PBXFileReference; fileEncoding = 4; lastKnownFileType = sourcecode.swift; path = PokeCell.swift; sourceTree = "<group>"; };
		EECED8611EE099F700F5C5D2 /* csv.swift */ = {isa = PBXFileReference; fileEncoding = 4; lastKnownFileType = sourcecode.swift; path = csv.swift; sourceTree = "<group>"; };
		EECED86C1EE0A07800F5C5D2 /* Pokemon Solid.ttf */ = {isa = PBXFileReference; lastKnownFileType = file; path = "Pokemon Solid.ttf"; sourceTree = "<group>"; };
		EECED86E1EE0A14F00F5C5D2 /* music.png */ = {isa = PBXFileReference; lastKnownFileType = image.png; path = music.png; sourceTree = "<group>"; };
/* End PBXFileReference section */

/* Begin PBXFrameworksBuildPhase section */
		EECED8411EDF72DF00F5C5D2 /* Frameworks */ = {
			isa = PBXFrameworksBuildPhase;
			buildActionMask = 2147483647;
			files = (
				C762D0C8E770A2267FFB094C /* Pods_Pokedex.framework in Frameworks */,
			);
			runOnlyForDeploymentPostprocessing = 0;
		};
/* End PBXFrameworksBuildPhase section */

/* Begin PBXGroup section */
		06C0F98E9DED544953EC56E3 /* Frameworks */ = {
			isa = PBXGroup;
			children = (
				218914F6132F17DEC64CF2D5 /* Pods_Pokedex.framework */,
			);
			name = Frameworks;
			sourceTree = "<group>";
		};
		725949CC55B188D4B4F7B47A /* Pods */ = {
			isa = PBXGroup;
			children = (
				E087F378386EAE00E3E8A9F9 /* Pods-Pokedex.debug.xcconfig */,
				65881583F1EA4EE09FEE3408 /* Pods-Pokedex.release.xcconfig */,
			);
			name = Pods;
			sourceTree = "<group>";
		};
		EECED83B1EDF72DF00F5C5D2 = {
			isa = PBXGroup;
			children = (
				EECED8461EDF72DF00F5C5D2 /* Pokedex */,
				EECED8451EDF72DF00F5C5D2 /* Products */,
				725949CC55B188D4B4F7B47A /* Pods */,
				06C0F98E9DED544953EC56E3 /* Frameworks */,
			);
			sourceTree = "<group>";
		};
		EECED8451EDF72DF00F5C5D2 /* Products */ = {
			isa = PBXGroup;
			children = (
				EECED8441EDF72DF00F5C5D2 /* Pokedex.app */,
			);
			name = Products;
			sourceTree = "<group>";
		};
		EECED8461EDF72DF00F5C5D2 /* Pokedex */ = {
			isa = PBXGroup;
			children = (
				EECED85B1EE08C3600F5C5D2 /* Model */,
				EECED85E1EE0918600F5C5D2 /* View */,
				EECED8651EE09ED800F5C5D2 /* Controller */,
				EECED8661EE09EE200F5C5D2 /* Resources */,
				EECED8671EE09F1800F5C5D2 /* Util */,
				EECED8471EDF72DF00F5C5D2 /* AppDelegate.swift */,
				EECED84B1EDF72DF00F5C5D2 /* Main.storyboard */,
				EECED84E1EDF72DF00F5C5D2 /* Assets.xcassets */,
				EECED8501EDF72DF00F5C5D2 /* LaunchScreen.storyboard */,
				EECED8531EDF72DF00F5C5D2 /* Info.plist */,
			);
			path = Pokedex;
			sourceTree = "<group>";
		};
		EECED85B1EE08C3600F5C5D2 /* Model */ = {
			isa = PBXGroup;
			children = (
				EECED85C1EE08C4C00F5C5D2 /* Pokemon.swift */,
			);
			name = Model;
			sourceTree = "<group>";
		};
		EECED85E1EE0918600F5C5D2 /* View */ = {
			isa = PBXGroup;
			children = (
				EECED85F1EE091A500F5C5D2 /* PokeCell.swift */,
			);
			name = View;
			sourceTree = "<group>";
		};
		EECED8651EE09ED800F5C5D2 /* Controller */ = {
			isa = PBXGroup;
			children = (
				EECED8491EDF72DF00F5C5D2 /* ViewController.swift */,
			);
			name = Controller;
			sourceTree = "<group>";
		};
		EECED8661EE09EE200F5C5D2 /* Resources */ = {
			isa = PBXGroup;
			children = (
				EECED8591EDF96C400F5C5D2 /* pokemon.csv */,
				EECED86C1EE0A07800F5C5D2 /* Pokemon Solid.ttf */,
				EECED86E1EE0A14F00F5C5D2 /* music.png */,
				EE0434381EE0A23700087D0B /* music.mp3 */,
			);
			name = Resources;
			sourceTree = "<group>";
		};
		EECED8671EE09F1800F5C5D2 /* Util */ = {
			isa = PBXGroup;
			children = (
				EECED8611EE099F700F5C5D2 /* csv.swift */,
			);
			name = Util;
			sourceTree = "<group>";
		};
/* End PBXGroup section */

/* Begin PBXNativeTarget section */
		EECED8431EDF72DF00F5C5D2 /* Pokedex */ = {
			isa = PBXNativeTarget;
			buildConfigurationList = EECED8561EDF72DF00F5C5D2 /* Build configuration list for PBXNativeTarget "Pokedex" */;
			buildPhases = (
				9A66A4C85548D1B41DB7EFDF /* [CP] Check Pods Manifest.lock */,
				EECED8401EDF72DF00F5C5D2 /* Sources */,
				EECED8411EDF72DF00F5C5D2 /* Frameworks */,
				EECED8421EDF72DF00F5C5D2 /* Resources */,
				0B8BD64675B2A6FAF866B2D7 /* [CP] Embed Pods Frameworks */,
				ABA277921A5A7A80D1AF7D1F /* [CP] Copy Pods Resources */,
			);
			buildRules = (
			);
			dependencies = (
			);
			name = Pokedex;
			productName = Pokedex;
			productReference = EECED8441EDF72DF00F5C5D2 /* Pokedex.app */;
			productType = "com.apple.product-type.application";
		};
/* End PBXNativeTarget section */

/* Begin PBXProject section */
		EECED83C1EDF72DF00F5C5D2 /* Project object */ = {
			isa = PBXProject;
			attributes = {
				LastSwiftUpdateCheck = 0830;
				LastUpgradeCheck = 0830;
				ORGANIZATIONNAME = "Matt Tripodi";
				TargetAttributes = {
					EECED8431EDF72DF00F5C5D2 = {
						CreatedOnToolsVersion = 8.3.2;
						DevelopmentTeam = VJQVDWQ9VC;
						LastSwiftMigration = 0830;
						ProvisioningStyle = Automatic;
					};
				};
			};
			buildConfigurationList = EECED83F1EDF72DF00F5C5D2 /* Build configuration list for PBXProject "Pokedex" */;
			compatibilityVersion = "Xcode 3.2";
			developmentRegion = English;
			hasScannedForEncodings = 0;
			knownRegions = (
				en,
				Base,
			);
			mainGroup = EECED83B1EDF72DF00F5C5D2;
			productRefGroup = EECED8451EDF72DF00F5C5D2 /* Products */;
			projectDirPath = "";
			projectRoot = "";
			targets = (
				EECED8431EDF72DF00F5C5D2 /* Pokedex */,
			);
		};
/* End PBXProject section */

/* Begin PBXResourcesBuildPhase section */
		EECED8421EDF72DF00F5C5D2 /* Resources */ = {
			isa = PBXResourcesBuildPhase;
			buildActionMask = 2147483647;
			files = (
				EECED86D1EE0A07800F5C5D2 /* Pokemon Solid.ttf in Resources */,
				EECED8521EDF72DF00F5C5D2 /* LaunchScreen.storyboard in Resources */,
				EECED84F1EDF72DF00F5C5D2 /* Assets.xcassets in Resources */,
				EECED85A1EDF96C400F5C5D2 /* pokemon.csv in Resources */,
				EECED84D1EDF72DF00F5C5D2 /* Main.storyboard in Resources */,
				EE0434391EE0A23700087D0B /* music.mp3 in Resources */,
				EECED86F1EE0A14F00F5C5D2 /* music.png in Resources */,
			);
			runOnlyForDeploymentPostprocessing = 0;
		};
/* End PBXResourcesBuildPhase section */

/* Begin PBXShellScriptBuildPhase section */
		0B8BD64675B2A6FAF866B2D7 /* [CP] Embed Pods Frameworks */ = {
			isa = PBXShellScriptBuildPhase;
			buildActionMask = 2147483647;
			files = (
			);
			inputPaths = (
			);
			name = "[CP] Embed Pods Frameworks";
			outputPaths = (
			);
			runOnlyForDeploymentPostprocessing = 0;
			shellPath = /bin/sh;
			shellScript = "\"${SRCROOT}/Pods/Target Support Files/Pods-Pokedex/Pods-Pokedex-frameworks.sh\"\n";
			showEnvVarsInLog = 0;
		};
		9A66A4C85548D1B41DB7EFDF /* [CP] Check Pods Manifest.lock */ = {
			isa = PBXShellScriptBuildPhase;
			buildActionMask = 2147483647;
			files = (
			);
			inputPaths = (
			);
			name = "[CP] Check Pods Manifest.lock";
			outputPaths = (
			);
			runOnlyForDeploymentPostprocessing = 0;
			shellPath = /bin/sh;
			shellScript = "diff \"${PODS_PODFILE_DIR_PATH}/Podfile.lock\" \"${PODS_ROOT}/Manifest.lock\" > /dev/null\nif [ $? != 0 ] ; then\n    # print error to STDERR\n    echo \"error: The sandbox is not in sync with the Podfile.lock. Run 'pod install' or update your CocoaPods installation.\" >&2\n    exit 1\nfi\n";
			showEnvVarsInLog = 0;
		};
		ABA277921A5A7A80D1AF7D1F /* [CP] Copy Pods Resources */ = {
			isa = PBXShellScriptBuildPhase;
			buildActionMask = 2147483647;
			files = (
			);
			inputPaths = (
			);
			name = "[CP] Copy Pods Resources";
			outputPaths = (
			);
			runOnlyForDeploymentPostprocessing = 0;
			shellPath = /bin/sh;
			shellScript = "\"${SRCROOT}/Pods/Target Support Files/Pods-Pokedex/Pods-Pokedex-resources.sh\"\n";
			showEnvVarsInLog = 0;
		};
/* End PBXShellScriptBuildPhase section */

/* Begin PBXSourcesBuildPhase section */
		EECED8401EDF72DF00F5C5D2 /* Sources */ = {
			isa = PBXSourcesBuildPhase;
			buildActionMask = 2147483647;
			files = (
				EECED8601EE091A500F5C5D2 /* PokeCell.swift in Sources */,
				EECED84A1EDF72DF00F5C5D2 /* ViewController.swift in Sources */,
				EECED8481EDF72DF00F5C5D2 /* AppDelegate.swift in Sources */,
				EECED85D1EE08C4C00F5C5D2 /* Pokemon.swift in Sources */,
				EECED8621EE099F700F5C5D2 /* csv.swift in Sources */,
			);
			runOnlyForDeploymentPostprocessing = 0;
		};
/* End PBXSourcesBuildPhase section */

/* Begin PBXVariantGroup section */
		EECED84B1EDF72DF00F5C5D2 /* Main.storyboard */ = {
			isa = PBXVariantGroup;
			children = (
				EECED84C1EDF72DF00F5C5D2 /* Base */,
			);
			name = Main.storyboard;
			sourceTree = "<group>";
		};
		EECED8501EDF72DF00F5C5D2 /* LaunchScreen.storyboard */ = {
			isa = PBXVariantGroup;
			children = (
				EECED8511EDF72DF00F5C5D2 /* Base */,
			);
			name = LaunchScreen.storyboard;
			sourceTree = "<group>";
		};
/* End PBXVariantGroup section */

/* Begin XCBuildConfiguration section */
		EECED8541EDF72DF00F5C5D2 /* Debug */ = {
			isa = XCBuildConfiguration;
			buildSettings = {
				ALWAYS_SEARCH_USER_PATHS = NO;
				CLANG_ANALYZER_NONNULL = YES;
				CLANG_ANALYZER_NUMBER_OBJECT_CONVERSION = YES_AGGRESSIVE;
				CLANG_CXX_LANGUAGE_STANDARD = "gnu++0x";
				CLANG_CXX_LIBRARY = "libc++";
				CLANG_ENABLE_MODULES = YES;
				CLANG_ENABLE_OBJC_ARC = YES;
				CLANG_WARN_BOOL_CONVERSION = YES;
				CLANG_WARN_CONSTANT_CONVERSION = YES;
				CLANG_WARN_DIRECT_OBJC_ISA_USAGE = YES_ERROR;
				CLANG_WARN_DOCUMENTATION_COMMENTS = YES;
				CLANG_WARN_EMPTY_BODY = YES;
				CLANG_WARN_ENUM_CONVERSION = YES;
				CLANG_WARN_INFINITE_RECURSION = YES;
				CLANG_WARN_INT_CONVERSION = YES;
				CLANG_WARN_OBJC_ROOT_CLASS = YES_ERROR;
				CLANG_WARN_SUSPICIOUS_MOVE = YES;
				CLANG_WARN_UNREACHABLE_CODE = YES;
				CLANG_WARN__DUPLICATE_METHOD_MATCH = YES;
				"CODE_SIGN_IDENTITY[sdk=iphoneos*]" = "iPhone Developer";
				COPY_PHASE_STRIP = NO;
				DEBUG_INFORMATION_FORMAT = dwarf;
				ENABLE_STRICT_OBJC_MSGSEND = YES;
				ENABLE_TESTABILITY = YES;
				GCC_C_LANGUAGE_STANDARD = gnu99;
				GCC_DYNAMIC_NO_PIC = NO;
				GCC_NO_COMMON_BLOCKS = YES;
				GCC_OPTIMIZATION_LEVEL = 0;
				GCC_PREPROCESSOR_DEFINITIONS = (
					"DEBUG=1",
					"$(inherited)",
				);
				GCC_WARN_64_TO_32_BIT_CONVERSION = YES;
				GCC_WARN_ABOUT_RETURN_TYPE = YES_ERROR;
				GCC_WARN_UNDECLARED_SELECTOR = YES;
				GCC_WARN_UNINITIALIZED_AUTOS = YES_AGGRESSIVE;
				GCC_WARN_UNUSED_FUNCTION = YES;
				GCC_WARN_UNUSED_VARIABLE = YES;
				IPHONEOS_DEPLOYMENT_TARGET = 10.3;
				MTL_ENABLE_DEBUG_INFO = YES;
				ONLY_ACTIVE_ARCH = YES;
				SDKROOT = iphoneos;
				SWIFT_ACTIVE_COMPILATION_CONDITIONS = DEBUG;
				SWIFT_OPTIMIZATION_LEVEL = "-Onone";
				TARGETED_DEVICE_FAMILY = "1,2";
			};
			name = Debug;
		};
		EECED8551EDF72DF00F5C5D2 /* Release */ = {
			isa = XCBuildConfiguration;
			buildSettings = {
				ALWAYS_SEARCH_USER_PATHS = NO;
				CLANG_ANALYZER_NONNULL = YES;
				CLANG_ANALYZER_NUMBER_OBJECT_CONVERSION = YES_AGGRESSIVE;
				CLANG_CXX_LANGUAGE_STANDARD = "gnu++0x";
				CLANG_CXX_LIBRARY = "libc++";
				CLANG_ENABLE_MODULES = YES;
				CLANG_ENABLE_OBJC_ARC = YES;
				CLANG_WARN_BOOL_CONVERSION = YES;
				CLANG_WARN_CONSTANT_CONVERSION = YES;
				CLANG_WARN_DIRECT_OBJC_ISA_USAGE = YES_ERROR;
				CLANG_WARN_DOCUMENTATION_COMMENTS = YES;
				CLANG_WARN_EMPTY_BODY = YES;
				CLANG_WARN_ENUM_CONVERSION = YES;
				CLANG_WARN_INFINITE_RECURSION = YES;
				CLANG_WARN_INT_CONVERSION = YES;
				CLANG_WARN_OBJC_ROOT_CLASS = YES_ERROR;
				CLANG_WARN_SUSPICIOUS_MOVE = YES;
				CLANG_WARN_UNREACHABLE_CODE = YES;
				CLANG_WARN__DUPLICATE_METHOD_MATCH = YES;
				"CODE_SIGN_IDENTITY[sdk=iphoneos*]" = "iPhone Developer";
				COPY_PHASE_STRIP = NO;
				DEBUG_INFORMATION_FORMAT = "dwarf-with-dsym";
				ENABLE_NS_ASSERTIONS = NO;
				ENABLE_STRICT_OBJC_MSGSEND = YES;
				GCC_C_LANGUAGE_STANDARD = gnu99;
				GCC_NO_COMMON_BLOCKS = YES;
				GCC_WARN_64_TO_32_BIT_CONVERSION = YES;
				GCC_WARN_ABOUT_RETURN_TYPE = YES_ERROR;
				GCC_WARN_UNDECLARED_SELECTOR = YES;
				GCC_WARN_UNINITIALIZED_AUTOS = YES_AGGRESSIVE;
				GCC_WARN_UNUSED_FUNCTION = YES;
				GCC_WARN_UNUSED_VARIABLE = YES;
				IPHONEOS_DEPLOYMENT_TARGET = 10.3;
				MTL_ENABLE_DEBUG_INFO = NO;
				SDKROOT = iphoneos;
				SWIFT_OPTIMIZATION_LEVEL = "-Owholemodule";
				TARGETED_DEVICE_FAMILY = "1,2";
				VALIDATE_PRODUCT = YES;
			};
			name = Release;
		};
		EECED8571EDF72DF00F5C5D2 /* Debug */ = {
			isa = XCBuildConfiguration;
			baseConfigurationReference = E087F378386EAE00E3E8A9F9 /* Pods-Pokedex.debug.xcconfig */;
			buildSettings = {
				ASSETCATALOG_COMPILER_APPICON_NAME = AppIcon;
				DEVELOPMENT_TEAM = VJQVDWQ9VC;
				INFOPLIST_FILE = Pokedex/Info.plist;
				LD_RUNPATH_SEARCH_PATHS = "$(inherited) @executable_path/Frameworks";
				PRODUCT_BUNDLE_IDENTIFIER = com.matttripodi.Pokedex;
				PRODUCT_NAME = "$(TARGET_NAME)";
				SWIFT_VERSION = 3.0;
			};
			name = Debug;
		};
		EECED8581EDF72DF00F5C5D2 /* Release */ = {
			isa = XCBuildConfiguration;
			baseConfigurationReference = 65881583F1EA4EE09FEE3408 /* Pods-Pokedex.release.xcconfig */;
			buildSettings = {
				ASSETCATALOG_COMPILER_APPICON_NAME = AppIcon;
				DEVELOPMENT_TEAM = VJQVDWQ9VC;
				INFOPLIST_FILE = Pokedex/Info.plist;
				LD_RUNPATH_SEARCH_PATHS = "$(inherited) @executable_path/Frameworks";
				PRODUCT_BUNDLE_IDENTIFIER = com.matttripodi.Pokedex;
				PRODUCT_NAME = "$(TARGET_NAME)";
				SWIFT_VERSION = 3.0;
			};
			name = Release;
		};
/* End XCBuildConfiguration section */

/* Begin XCConfigurationList section */
		EECED83F1EDF72DF00F5C5D2 /* Build configuration list for PBXProject "Pokedex" */ = {
			isa = XCConfigurationList;
			buildConfigurations = (
				EECED8541EDF72DF00F5C5D2 /* Debug */,
				EECED8551EDF72DF00F5C5D2 /* Release */,
			);
			defaultConfigurationIsVisible = 0;
			defaultConfigurationName = Release;
		};
		EECED8561EDF72DF00F5C5D2 /* Build configuration list for PBXNativeTarget "Pokedex" */ = {
			isa = XCConfigurationList;
			buildConfigurations = (
				EECED8571EDF72DF00F5C5D2 /* Debug */,
				EECED8581EDF72DF00F5C5D2 /* Release */,
			);
			defaultConfigurationIsVisible = 0;
			defaultConfigurationName = Release;
		};
/* End XCConfigurationList section */
	};
	rootObject = EECED83C1EDF72DF00F5C5D2 /* Project object */;
}
